
Microsoft Visual Studio Solution File, Format Version 12.00
# Visual Studio Version 17
VisualStudioVersion = 17.8.34330.188
MinimumVisualStudioVersion = 10.0.40219.1
Project("{9A19103F-16F7-4668-BE54-9A1E7A4F7556}") = "Assignment10", "Assignment10\Assignment10.csproj", "{5ADF20F7-54F0-4511-8755-F9EF702DB402}"
EndProject
Project("{FAE04EC0-301F-11D3-BF4B-00C04F79EFBC}") = "3D-Point", "3D-Point\3D-Point.csproj", "{ECF0607E-86F6-4D22-A23C-B5A0DDD68204}"
EndProject
Project("{FAE04EC0-301F-11D3-BF4B-00C04F79EFBC}") = "MathProject", "MathProject\MathProject.csproj", "{BF60EF83-6F10-40CF-855F-EAB2B5A07C6F}"
EndProject
Project("{FAE04EC0-301F-11D3-BF4B-00C04F79EFBC}") = "DurationProject", "DurationProject\DurationProject.csproj", "{234307B5-FEFD-4759-9605-D526E0873445}"
EndProject
Global
	GlobalSection(SolutionConfigurationPlatforms) = preSolution
		Debug|Any CPU = Debug|Any CPU
		Release|Any CPU = Release|Any CPU
	EndGlobalSection
	GlobalSection(ProjectConfigurationPlatforms) = postSolution
		{5ADF20F7-54F0-4511-8755-F9EF702DB402}.Debug|Any CPU.ActiveCfg = Debug|Any CPU
		{5ADF20F7-54F0-4511-8755-F9EF702DB402}.Debug|Any CPU.Build.0 = Debug|Any CPU
		{5ADF20F7-54F0-4511-8755-F9EF702DB402}.Release|Any CPU.ActiveCfg = Release|Any CPU
		{5ADF20F7-54F0-4511-8755-F9EF702DB402}.Release|Any CPU.Build.0 = Release|Any CPU
		{ECF0607E-86F6-4D22-A23C-B5A0DDD68204}.Debug|Any CPU.ActiveCfg = Debug|Any CPU
		{ECF0607E-86F6-4D22-A23C-B5A0DDD68204}.Debug|Any CPU.Build.0 = Debug|Any CPU
		{ECF0607E-86F6-4D22-A23C-B5A0DDD68204}.Release|Any CPU.ActiveCfg = Release|Any CPU
		{ECF0607E-86F6-4D22-A23C-B5A0DDD68204}.Release|Any CPU.Build.0 = Release|Any CPU
		{BF60EF83-6F10-40CF-855F-EAB2B5A07C6F}.Debug|Any CPU.ActiveCfg = Debug|Any CPU
		{BF60EF83-6F10-40CF-855F-EAB2B5A07C6F}.Debug|Any CPU.Build.0 = Debug|Any CPU
		{BF60EF83-6F10-40CF-855F-EAB2B5A07C6F}.Release|Any CPU.ActiveCfg = Release|Any CPU
		{BF60EF83-6F10-40CF-855F-EAB2B5A07C6F}.Release|Any CPU.Build.0 = Release|Any CPU
		{234307B5-FEFD-4759-9605-D526E0873445}.Debug|Any CPU.ActiveCfg = Debug|Any CPU
		{234307B5-FEFD-4759-9605-D526E0873445}.Debug|Any CPU.Build.0 = Debug|Any CPU
		{234307B5-FEFD-4759-9605-D526E0873445}.Release|Any CPU.ActiveCfg = Release|Any CPU
		{234307B5-FEFD-4759-9605-D526E0873445}.Release|Any CPU.Build.0 = Release|Any CPU
	EndGlobalSection
	GlobalSection(SolutionProperties) = preSolution
		HideSolutionNode = FALSE
	EndGlobalSection
	GlobalSection(ExtensibilityGlobals) = postSolution
		SolutionGuid = {0357CA67-0B27-4121-90BE-8B63FEC58EAF}
	EndGlobalSection
EndGlobal
